// !$*UTF8*$!
{
	archiveVersion = 1;
	classes = {
	};
	objectVersion = 55;
	objects = {

/* Begin PBXBuildFile section */
		DAD0D31C283FC74100436272 /* PokemonApp.swift in Sources */ = {isa = PBXBuildFile; fileRef = DAD0D31B283FC74100436272 /* PokemonApp.swift */; };
		DAD0D320283FC74200436272 /* Assets.xcassets in Resources */ = {isa = PBXBuildFile; fileRef = DAD0D31F283FC74200436272 /* Assets.xcassets */; };
		DAD0D323283FC74200436272 /* Preview Assets.xcassets in Resources */ = {isa = PBXBuildFile; fileRef = DAD0D322283FC74200436272 /* Preview Assets.xcassets */; };
		DAD0D352283FC7B000436272 /* Constants.swift in Sources */ = {isa = PBXBuildFile; fileRef = DAD0D351283FC7B000436272 /* Constants.swift */; };
		DAD0D35D283FCD3A00436272 /* ServerPokemon.swift in Sources */ = {isa = PBXBuildFile; fileRef = DAD0D35C283FCD3A00436272 /* ServerPokemon.swift */; };
		DAD0D35F283FCF1500436272 /* ServerTypes.swift in Sources */ = {isa = PBXBuildFile; fileRef = DAD0D35E283FCF1500436272 /* ServerTypes.swift */; };
		DAD0D361283FCF3D00436272 /* ServerType.swift in Sources */ = {isa = PBXBuildFile; fileRef = DAD0D360283FCF3D00436272 /* ServerType.swift */; };
		DAD0D369283FD1A600436272 /* Pokemon.swift in Sources */ = {isa = PBXBuildFile; fileRef = DAD0D368283FD1A600436272 /* Pokemon.swift */; };
		DAD0D36B283FD3B300436272 /* APIManager.swift in Sources */ = {isa = PBXBuildFile; fileRef = DAD0D36A283FD3B300436272 /* APIManager.swift */; };
		DAD0D36D283FD40100436272 /* HTTPError.swift in Sources */ = {isa = PBXBuildFile; fileRef = DAD0D36C283FD40100436272 /* HTTPError.swift */; };
		DAD0D36F283FDA2F00436272 /* Persistence.swift in Sources */ = {isa = PBXBuildFile; fileRef = DAD0D36E283FDA2F00436272 /* Persistence.swift */; };
		DAD0D3712840B50200436272 /* CoreDataStack.swift in Sources */ = {isa = PBXBuildFile; fileRef = DAD0D3702840B50200436272 /* CoreDataStack.swift */; };
		DAD0D3732840B60F00436272 /* DBManager.swift in Sources */ = {isa = PBXBuildFile; fileRef = DAD0D3722840B60F00436272 /* DBManager.swift */; };
		DAD0D3762840B6D800436272 /* Model.xcdatamodeld in Sources */ = {isa = PBXBuildFile; fileRef = DAD0D3742840B6D800436272 /* Model.xcdatamodeld */; };
		DAD0D3782840B7A000436272 /* ServerSprite.swift in Sources */ = {isa = PBXBuildFile; fileRef = DAD0D3772840B7A000436272 /* ServerSprite.swift */; };
		DAD0D37A2840B82F00436272 /* DBPokemon.swift in Sources */ = {isa = PBXBuildFile; fileRef = DAD0D3792840B82F00436272 /* DBPokemon.swift */; };
		DAD0D37F2840BEAA00436272 /* DateFormatter+Pokemon.swift in Sources */ = {isa = PBXBuildFile; fileRef = DAD0D37E2840BEAA00436272 /* DateFormatter+Pokemon.swift */; };
		DAD0D3812840C29900436272 /* PokemonRepository.swift in Sources */ = {isa = PBXBuildFile; fileRef = DAD0D3802840C29900436272 /* PokemonRepository.swift */; };
		DAD0D3832840C45300436272 /* LocalPokemonDataSource.swift in Sources */ = {isa = PBXBuildFile; fileRef = DAD0D3822840C45300436272 /* LocalPokemonDataSource.swift */; };
		DAD0D3852840C4C800436272 /* RemotePokemonDataSource.swift in Sources */ = {isa = PBXBuildFile; fileRef = DAD0D3842840C4C800436272 /* RemotePokemonDataSource.swift */; };
		DAD0D3872840C65D00436272 /* PokemonRepositoryImplementation.swift in Sources */ = {isa = PBXBuildFile; fileRef = DAD0D3862840C65D00436272 /* PokemonRepositoryImplementation.swift */; };
		DAD0D3892840C76700436272 /* GetPokemonUseCase.swift in Sources */ = {isa = PBXBuildFile; fileRef = DAD0D3882840C76700436272 /* GetPokemonUseCase.swift */; };
		DAD0D38B2840C7C600436272 /* SavePokemonUseCase.swift in Sources */ = {isa = PBXBuildFile; fileRef = DAD0D38A2840C7C600436272 /* SavePokemonUseCase.swift */; };
		DAD0D38D2840C7FE00436272 /* ExistsPokemonUseCase.swift in Sources */ = {isa = PBXBuildFile; fileRef = DAD0D38C2840C7FE00436272 /* ExistsPokemonUseCase.swift */; };
		DAD0D38F2840C83100436272 /* GetPokemonsUseCase.swift in Sources */ = {isa = PBXBuildFile; fileRef = DAD0D38E2840C83100436272 /* GetPokemonsUseCase.swift */; };
		DAD0D3982840CC6400436272 /* PokemonWorldViewModel.swift in Sources */ = {isa = PBXBuildFile; fileRef = DAD0D3972840CC6400436272 /* PokemonWorldViewModel.swift */; };
		DAD0D39A2840CC7800436272 /* PokemonWorldView.swift in Sources */ = {isa = PBXBuildFile; fileRef = DAD0D3992840CC7800436272 /* PokemonWorldView.swift */; };
		DAE242F02840D33E00AD4FE1 /* PokemonWorldViewState.swift in Sources */ = {isa = PBXBuildFile; fileRef = DAE242EF2840D33E00AD4FE1 /* PokemonWorldViewState.swift */; };
		DAE242F42840DA5600AD4FE1 /* ButtonView.swift in Sources */ = {isa = PBXBuildFile; fileRef = DAE242F32840DA5600AD4FE1 /* ButtonView.swift */; };
		DAE242F82840DD0D00AD4FE1 /* PokemonCardView.swift in Sources */ = {isa = PBXBuildFile; fileRef = DAE242F72840DD0D00AD4FE1 /* PokemonCardView.swift */; };
		DAE242FA2840E3BB00AD4FE1 /* BackpackView.swift in Sources */ = {isa = PBXBuildFile; fileRef = DAE242F92840E3BB00AD4FE1 /* BackpackView.swift */; };
		DAE242FC2840E3C700AD4FE1 /* BackpackViewModel.swift in Sources */ = {isa = PBXBuildFile; fileRef = DAE242FB2840E3C700AD4FE1 /* BackpackViewModel.swift */; };
		DAE242FE2840E3F900AD4FE1 /* BackpackViewState.swift in Sources */ = {isa = PBXBuildFile; fileRef = DAE242FD2840E3F900AD4FE1 /* BackpackViewState.swift */; };
		DAE243002840E60D00AD4FE1 /* Tab.swift in Sources */ = {isa = PBXBuildFile; fileRef = DAE242FF2840E60D00AD4FE1 /* Tab.swift */; };
		DAE243022840E63800AD4FE1 /* TabBar.swift in Sources */ = {isa = PBXBuildFile; fileRef = DAE243012840E63800AD4FE1 /* TabBar.swift */; };
		DAE243042840E75500AD4FE1 /* BackPackCardView.swift in Sources */ = {isa = PBXBuildFile; fileRef = DAE243032840E75500AD4FE1 /* BackPackCardView.swift */; };
		DAE243082840FF3E00AD4FE1 /* ImageLoader.swift in Sources */ = {isa = PBXBuildFile; fileRef = DAE243062840FF3E00AD4FE1 /* ImageLoader.swift */; };
		DAE243092840FF3E00AD4FE1 /* ImageView.swift in Sources */ = {isa = PBXBuildFile; fileRef = DAE243072840FF3E00AD4FE1 /* ImageView.swift */; };
		DAE2430E284106C200AD4FE1 /* PokemonDetailView.swift in Sources */ = {isa = PBXBuildFile; fileRef = DAE2430D284106C200AD4FE1 /* PokemonDetailView.swift */; };
		DAE24310284106CE00AD4FE1 /* PokemonDetailViewModel.swift in Sources */ = {isa = PBXBuildFile; fileRef = DAE2430F284106CE00AD4FE1 /* PokemonDetailViewModel.swift */; };
		DAE243142841095F00AD4FE1 /* ToastView.swift in Sources */ = {isa = PBXBuildFile; fileRef = DAE243132841095F00AD4FE1 /* ToastView.swift */; };
		DAE2431A28410A2A00AD4FE1 /* PokemonBackgroundModifier.swift in Sources */ = {isa = PBXBuildFile; fileRef = DAE2431928410A2A00AD4FE1 /* PokemonBackgroundModifier.swift */; };
		DAE243202841105300AD4FE1 /* TitleValueView.swift in Sources */ = {isa = PBXBuildFile; fileRef = DAE2431F2841105300AD4FE1 /* TitleValueView.swift */; };
		DAE24323284113CF00AD4FE1 /* TitleView.swift in Sources */ = {isa = PBXBuildFile; fileRef = DAE24322284113CF00AD4FE1 /* TitleView.swift */; };
		DAE2432A2841261400AD4FE1 /* TestCoreDataStack.swift in Sources */ = {isa = PBXBuildFile; fileRef = DAE243292841261400AD4FE1 /* TestCoreDataStack.swift */; };
		DAE2432C284126C600AD4FE1 /* DBManagerUnitTests.swift in Sources */ = {isa = PBXBuildFile; fileRef = DAE2432B284126C600AD4FE1 /* DBManagerUnitTests.swift */; };
		DAE2433128412A6B00AD4FE1 /* DBPokemonUnitTests.swift in Sources */ = {isa = PBXBuildFile; fileRef = DAE2433028412A6B00AD4FE1 /* DBPokemonUnitTests.swift */; };
		DAE2433328412BB800AD4FE1 /* ServerPokemonUnitTests.swift in Sources */ = {isa = PBXBuildFile; fileRef = DAE2433228412BB800AD4FE1 /* ServerPokemonUnitTests.swift */; };
		DAE2433528412D2400AD4FE1 /* MockPokemonRepository.swift in Sources */ = {isa = PBXBuildFile; fileRef = DAE2433428412D2400AD4FE1 /* MockPokemonRepository.swift */; };
		DAE2433728412DDF00AD4FE1 /* GetPokemonUseCaseUnitTests.swift in Sources */ = {isa = PBXBuildFile; fileRef = DAE2433628412DDF00AD4FE1 /* GetPokemonUseCaseUnitTests.swift */; };
		DAE2433928412E7F00AD4FE1 /* GetPokemonsUseCaseUnitTests.swift in Sources */ = {isa = PBXBuildFile; fileRef = DAE2433828412E7F00AD4FE1 /* GetPokemonsUseCaseUnitTests.swift */; };
		DAE2433B28412ECD00AD4FE1 /* SavePokemonUseCaseUnitTests.swift in Sources */ = {isa = PBXBuildFile; fileRef = DAE2433A28412ECD00AD4FE1 /* SavePokemonUseCaseUnitTests.swift */; };
		DAE2433D28412F2D00AD4FE1 /* ExistsPokemonUseCaseUnitTests.swift in Sources */ = {isa = PBXBuildFile; fileRef = DAE2433C28412F2D00AD4FE1 /* ExistsPokemonUseCaseUnitTests.swift */; };
		DAE2434028412FC600AD4FE1 /* Pokemon+Mock.swift in Sources */ = {isa = PBXBuildFile; fileRef = DAE2433F28412FC600AD4FE1 /* Pokemon+Mock.swift */; };
/* End PBXBuildFile section */

/* Begin PBXContainerItemProxy section */
		DAD0D329283FC74300436272 /* PBXContainerItemProxy */ = {
			isa = PBXContainerItemProxy;
			containerPortal = DAD0D310283FC74100436272 /* Project object */;
			proxyType = 1;
			remoteGlobalIDString = DAD0D317283FC74100436272;
			remoteInfo = Pokemon;
		};
/* End PBXContainerItemProxy section */

/* Begin PBXFileReference section */
		DAD0D318283FC74100436272 /* Pokemon.app */ = {isa = PBXFileReference; explicitFileType = wrapper.application; includeInIndex = 0; path = Pokemon.app; sourceTree = BUILT_PRODUCTS_DIR; };
		DAD0D31B283FC74100436272 /* PokemonApp.swift */ = {isa = PBXFileReference; lastKnownFileType = sourcecode.swift; path = PokemonApp.swift; sourceTree = "<group>"; };
		DAD0D31F283FC74200436272 /* Assets.xcassets */ = {isa = PBXFileReference; lastKnownFileType = folder.assetcatalog; path = Assets.xcassets; sourceTree = "<group>"; };
		DAD0D322283FC74200436272 /* Preview Assets.xcassets */ = {isa = PBXFileReference; lastKnownFileType = folder.assetcatalog; path = "Preview Assets.xcassets"; sourceTree = "<group>"; };
		DAD0D328283FC74300436272 /* PokemonTests.xctest */ = {isa = PBXFileReference; explicitFileType = wrapper.cfbundle; includeInIndex = 0; path = PokemonTests.xctest; sourceTree = BUILT_PRODUCTS_DIR; };
		DAD0D351283FC7B000436272 /* Constants.swift */ = {isa = PBXFileReference; lastKnownFileType = sourcecode.swift; path = Constants.swift; sourceTree = "<group>"; };
		DAD0D35C283FCD3A00436272 /* ServerPokemon.swift */ = {isa = PBXFileReference; lastKnownFileType = sourcecode.swift; path = ServerPokemon.swift; sourceTree = "<group>"; };
		DAD0D35E283FCF1500436272 /* ServerTypes.swift */ = {isa = PBXFileReference; lastKnownFileType = sourcecode.swift; path = ServerTypes.swift; sourceTree = "<group>"; };
		DAD0D360283FCF3D00436272 /* ServerType.swift */ = {isa = PBXFileReference; lastKnownFileType = sourcecode.swift; path = ServerType.swift; sourceTree = "<group>"; };
		DAD0D368283FD1A600436272 /* Pokemon.swift */ = {isa = PBXFileReference; lastKnownFileType = sourcecode.swift; path = Pokemon.swift; sourceTree = "<group>"; };
		DAD0D36A283FD3B300436272 /* APIManager.swift */ = {isa = PBXFileReference; lastKnownFileType = sourcecode.swift; path = APIManager.swift; sourceTree = "<group>"; };
		DAD0D36C283FD40100436272 /* HTTPError.swift */ = {isa = PBXFileReference; lastKnownFileType = sourcecode.swift; path = HTTPError.swift; sourceTree = "<group>"; };
		DAD0D36E283FDA2F00436272 /* Persistence.swift */ = {isa = PBXFileReference; lastKnownFileType = sourcecode.swift; path = Persistence.swift; sourceTree = "<group>"; };
		DAD0D3702840B50200436272 /* CoreDataStack.swift */ = {isa = PBXFileReference; lastKnownFileType = sourcecode.swift; path = CoreDataStack.swift; sourceTree = "<group>"; };
		DAD0D3722840B60F00436272 /* DBManager.swift */ = {isa = PBXFileReference; lastKnownFileType = sourcecode.swift; path = DBManager.swift; sourceTree = "<group>"; };
		DAD0D3752840B6D800436272 /* Model.xcdatamodel */ = {isa = PBXFileReference; lastKnownFileType = wrapper.xcdatamodel; path = Model.xcdatamodel; sourceTree = "<group>"; };
		DAD0D3772840B7A000436272 /* ServerSprite.swift */ = {isa = PBXFileReference; lastKnownFileType = sourcecode.swift; path = ServerSprite.swift; sourceTree = "<group>"; };
		DAD0D3792840B82F00436272 /* DBPokemon.swift */ = {isa = PBXFileReference; lastKnownFileType = sourcecode.swift; path = DBPokemon.swift; sourceTree = "<group>"; };
		DAD0D37E2840BEAA00436272 /* DateFormatter+Pokemon.swift */ = {isa = PBXFileReference; lastKnownFileType = sourcecode.swift; path = "DateFormatter+Pokemon.swift"; sourceTree = "<group>"; };
		DAD0D3802840C29900436272 /* PokemonRepository.swift */ = {isa = PBXFileReference; lastKnownFileType = sourcecode.swift; path = PokemonRepository.swift; sourceTree = "<group>"; };
		DAD0D3822840C45300436272 /* LocalPokemonDataSource.swift */ = {isa = PBXFileReference; lastKnownFileType = sourcecode.swift; path = LocalPokemonDataSource.swift; sourceTree = "<group>"; };
		DAD0D3842840C4C800436272 /* RemotePokemonDataSource.swift */ = {isa = PBXFileReference; lastKnownFileType = sourcecode.swift; path = RemotePokemonDataSource.swift; sourceTree = "<group>"; };
		DAD0D3862840C65D00436272 /* PokemonRepositoryImplementation.swift */ = {isa = PBXFileReference; lastKnownFileType = sourcecode.swift; path = PokemonRepositoryImplementation.swift; sourceTree = "<group>"; };
		DAD0D3882840C76700436272 /* GetPokemonUseCase.swift */ = {isa = PBXFileReference; lastKnownFileType = sourcecode.swift; path = GetPokemonUseCase.swift; sourceTree = "<group>"; };
		DAD0D38A2840C7C600436272 /* SavePokemonUseCase.swift */ = {isa = PBXFileReference; lastKnownFileType = sourcecode.swift; path = SavePokemonUseCase.swift; sourceTree = "<group>"; };
		DAD0D38C2840C7FE00436272 /* ExistsPokemonUseCase.swift */ = {isa = PBXFileReference; lastKnownFileType = sourcecode.swift; path = ExistsPokemonUseCase.swift; sourceTree = "<group>"; };
		DAD0D38E2840C83100436272 /* GetPokemonsUseCase.swift */ = {isa = PBXFileReference; lastKnownFileType = sourcecode.swift; path = GetPokemonsUseCase.swift; sourceTree = "<group>"; };
		DAD0D3942840CC2900436272 /* Info.plist */ = {isa = PBXFileReference; lastKnownFileType = text.plist; path = Info.plist; sourceTree = "<group>"; };
		DAD0D3972840CC6400436272 /* PokemonWorldViewModel.swift */ = {isa = PBXFileReference; lastKnownFileType = sourcecode.swift; path = PokemonWorldViewModel.swift; sourceTree = "<group>"; };
		DAD0D3992840CC7800436272 /* PokemonWorldView.swift */ = {isa = PBXFileReference; lastKnownFileType = sourcecode.swift; path = PokemonWorldView.swift; sourceTree = "<group>"; };
		DAE242EF2840D33E00AD4FE1 /* PokemonWorldViewState.swift */ = {isa = PBXFileReference; lastKnownFileType = sourcecode.swift; path = PokemonWorldViewState.swift; sourceTree = "<group>"; };
		DAE242F32840DA5600AD4FE1 /* ButtonView.swift */ = {isa = PBXFileReference; lastKnownFileType = sourcecode.swift; path = ButtonView.swift; sourceTree = "<group>"; };
		DAE242F72840DD0D00AD4FE1 /* PokemonCardView.swift */ = {isa = PBXFileReference; lastKnownFileType = sourcecode.swift; path = PokemonCardView.swift; sourceTree = "<group>"; };
		DAE242F92840E3BB00AD4FE1 /* BackpackView.swift */ = {isa = PBXFileReference; lastKnownFileType = sourcecode.swift; path = BackpackView.swift; sourceTree = "<group>"; };
		DAE242FB2840E3C700AD4FE1 /* BackpackViewModel.swift */ = {isa = PBXFileReference; lastKnownFileType = sourcecode.swift; path = BackpackViewModel.swift; sourceTree = "<group>"; };
		DAE242FD2840E3F900AD4FE1 /* BackpackViewState.swift */ = {isa = PBXFileReference; lastKnownFileType = sourcecode.swift; path = BackpackViewState.swift; sourceTree = "<group>"; };
		DAE242FF2840E60D00AD4FE1 /* Tab.swift */ = {isa = PBXFileReference; lastKnownFileType = sourcecode.swift; path = Tab.swift; sourceTree = "<group>"; };
		DAE243012840E63800AD4FE1 /* TabBar.swift */ = {isa = PBXFileReference; lastKnownFileType = sourcecode.swift; path = TabBar.swift; sourceTree = "<group>"; };
		DAE243032840E75500AD4FE1 /* BackPackCardView.swift */ = {isa = PBXFileReference; lastKnownFileType = sourcecode.swift; path = BackPackCardView.swift; sourceTree = "<group>"; };
		DAE243062840FF3E00AD4FE1 /* ImageLoader.swift */ = {isa = PBXFileReference; fileEncoding = 4; lastKnownFileType = sourcecode.swift; path = ImageLoader.swift; sourceTree = "<group>"; };
		DAE243072840FF3E00AD4FE1 /* ImageView.swift */ = {isa = PBXFileReference; fileEncoding = 4; lastKnownFileType = sourcecode.swift; path = ImageView.swift; sourceTree = "<group>"; };
		DAE2430D284106C200AD4FE1 /* PokemonDetailView.swift */ = {isa = PBXFileReference; lastKnownFileType = sourcecode.swift; path = PokemonDetailView.swift; sourceTree = "<group>"; };
		DAE2430F284106CE00AD4FE1 /* PokemonDetailViewModel.swift */ = {isa = PBXFileReference; lastKnownFileType = sourcecode.swift; path = PokemonDetailViewModel.swift; sourceTree = "<group>"; };
		DAE243132841095F00AD4FE1 /* ToastView.swift */ = {isa = PBXFileReference; fileEncoding = 4; lastKnownFileType = sourcecode.swift; path = ToastView.swift; sourceTree = "<group>"; };
		DAE2431928410A2A00AD4FE1 /* PokemonBackgroundModifier.swift */ = {isa = PBXFileReference; fileEncoding = 4; lastKnownFileType = sourcecode.swift; path = PokemonBackgroundModifier.swift; sourceTree = "<group>"; };
		DAE2431F2841105300AD4FE1 /* TitleValueView.swift */ = {isa = PBXFileReference; fileEncoding = 4; lastKnownFileType = sourcecode.swift; path = TitleValueView.swift; sourceTree = "<group>"; };
		DAE24322284113CF00AD4FE1 /* TitleView.swift */ = {isa = PBXFileReference; lastKnownFileType = sourcecode.swift; path = TitleView.swift; sourceTree = "<group>"; };
		DAE243292841261400AD4FE1 /* TestCoreDataStack.swift */ = {isa = PBXFileReference; lastKnownFileType = sourcecode.swift; path = TestCoreDataStack.swift; sourceTree = "<group>"; };
		DAE2432B284126C600AD4FE1 /* DBManagerUnitTests.swift */ = {isa = PBXFileReference; lastKnownFileType = sourcecode.swift; path = DBManagerUnitTests.swift; sourceTree = "<group>"; };
		DAE2432D284128A300AD4FE1 /* PokemonTests-Bridging-Header.h */ = {isa = PBXFileReference; fileEncoding = 4; lastKnownFileType = sourcecode.c.h; path = "PokemonTests-Bridging-Header.h"; sourceTree = "<group>"; };
		DAE2433028412A6B00AD4FE1 /* DBPokemonUnitTests.swift */ = {isa = PBXFileReference; lastKnownFileType = sourcecode.swift; path = DBPokemonUnitTests.swift; sourceTree = "<group>"; };
		DAE2433228412BB800AD4FE1 /* ServerPokemonUnitTests.swift */ = {isa = PBXFileReference; lastKnownFileType = sourcecode.swift; path = ServerPokemonUnitTests.swift; sourceTree = "<group>"; };
		DAE2433428412D2400AD4FE1 /* MockPokemonRepository.swift */ = {isa = PBXFileReference; lastKnownFileType = sourcecode.swift; path = MockPokemonRepository.swift; sourceTree = "<group>"; };
		DAE2433628412DDF00AD4FE1 /* GetPokemonUseCaseUnitTests.swift */ = {isa = PBXFileReference; lastKnownFileType = sourcecode.swift; path = GetPokemonUseCaseUnitTests.swift; sourceTree = "<group>"; };
		DAE2433828412E7F00AD4FE1 /* GetPokemonsUseCaseUnitTests.swift */ = {isa = PBXFileReference; lastKnownFileType = sourcecode.swift; path = GetPokemonsUseCaseUnitTests.swift; sourceTree = "<group>"; };
		DAE2433A28412ECD00AD4FE1 /* SavePokemonUseCaseUnitTests.swift */ = {isa = PBXFileReference; lastKnownFileType = sourcecode.swift; path = SavePokemonUseCaseUnitTests.swift; sourceTree = "<group>"; };
		DAE2433C28412F2D00AD4FE1 /* ExistsPokemonUseCaseUnitTests.swift */ = {isa = PBXFileReference; lastKnownFileType = sourcecode.swift; path = ExistsPokemonUseCaseUnitTests.swift; sourceTree = "<group>"; };
		DAE2433F28412FC600AD4FE1 /* Pokemon+Mock.swift */ = {isa = PBXFileReference; lastKnownFileType = sourcecode.swift; path = "Pokemon+Mock.swift"; sourceTree = "<group>"; };
/* End PBXFileReference section */

/* Begin PBXFrameworksBuildPhase section */
		DAD0D315283FC74100436272 /* Frameworks */ = {
			isa = PBXFrameworksBuildPhase;
			buildActionMask = 2147483647;
			files = (
			);
			runOnlyForDeploymentPostprocessing = 0;
		};
		DAD0D325283FC74300436272 /* Frameworks */ = {
			isa = PBXFrameworksBuildPhase;
			buildActionMask = 2147483647;
			files = (
			);
			runOnlyForDeploymentPostprocessing = 0;
		};
/* End PBXFrameworksBuildPhase section */

/* Begin PBXGroup section */
		DAD0D30F283FC74100436272 = {
			isa = PBXGroup;
			children = (
				DAD0D31A283FC74100436272 /* Pokemon */,
				DAD0D32B283FC74300436272 /* PokemonTests */,
				DAD0D319283FC74100436272 /* Products */,
			);
			sourceTree = "<group>";
		};
		DAD0D319283FC74100436272 /* Products */ = {
			isa = PBXGroup;
			children = (
				DAD0D318283FC74100436272 /* Pokemon.app */,
				DAD0D328283FC74300436272 /* PokemonTests.xctest */,
			);
			name = Products;
			sourceTree = "<group>";
		};
		DAD0D31A283FC74100436272 /* Pokemon */ = {
			isa = PBXGroup;
			children = (
				DAD0D354283FCD2B00436272 /* API */,
				DAD0D31F283FC74200436272 /* Assets.xcassets */,
				DAD0D351283FC7B000436272 /* Constants.swift */,
				DAD0D35A283FCD2B00436272 /* DataBase */,
				DAD0D355283FCD2B00436272 /* Entities */,
				DAD0D37D2840BE7300436272 /* Extensions */,
				DAD0D3942840CC2900436272 /* Info.plist */,
				DAD0D31B283FC74100436272 /* PokemonApp.swift */,
				DAD0D321283FC74200436272 /* Preview Content */,
				DAD0D359283FCD2B00436272 /* Repositories */,
				DAD0D35B283FCD2B00436272 /* Scenes */,
				DAD0D353283FCD2B00436272 /* UseCases */,
				DAE243112841095F00AD4FE1 /* ViewModifiers */,
				DAE242F12840DA4500AD4FE1 /* Views */,
			);
			path = Pokemon;
			sourceTree = "<group>";
		};
		DAD0D321283FC74200436272 /* Preview Content */ = {
			isa = PBXGroup;
			children = (
				DAD0D322283FC74200436272 /* Preview Assets.xcassets */,
			);
			path = "Preview Content";
			sourceTree = "<group>";
		};
		DAD0D32B283FC74300436272 /* PokemonTests */ = {
			isa = PBXGroup;
			children = (
				DAE2433E28412FB900AD4FE1 /* Extensions */,
				DAE2432D284128A300AD4FE1 /* PokemonTests-Bridging-Header.h */,
				DAE24326284125DD00AD4FE1 /* DataBase */,
				DAE24325284125DD00AD4FE1 /* Entities */,
				DAE24324284125DD00AD4FE1 /* Repositories */,
				DAE24327284125DD00AD4FE1 /* UseCases */,
			);
			path = PokemonTests;
			sourceTree = "<group>";
		};
		DAD0D353283FCD2B00436272 /* UseCases */ = {
			isa = PBXGroup;
			children = (
				DAD0D3882840C76700436272 /* GetPokemonUseCase.swift */,
				DAD0D38A2840C7C600436272 /* SavePokemonUseCase.swift */,
				DAD0D38C2840C7FE00436272 /* ExistsPokemonUseCase.swift */,
				DAD0D38E2840C83100436272 /* GetPokemonsUseCase.swift */,
			);
			path = UseCases;
			sourceTree = "<group>";
		};
		DAD0D354283FCD2B00436272 /* API */ = {
			isa = PBXGroup;
			children = (
				DAD0D36A283FD3B300436272 /* APIManager.swift */,
				DAD0D36C283FD40100436272 /* HTTPError.swift */,
			);
			path = API;
			sourceTree = "<group>";
		};
		DAD0D355283FCD2B00436272 /* Entities */ = {
			isa = PBXGroup;
			children = (
				DAD0D356283FCD2B00436272 /* DBEntities */,
				DAD0D357283FCD2B00436272 /* ServerEntities */,
				DAD0D358283FCD2B00436272 /* Entities */,
			);
			path = Entities;
			sourceTree = "<group>";
		};
		DAD0D356283FCD2B00436272 /* DBEntities */ = {
			isa = PBXGroup;
			children = (
				DAD0D3792840B82F00436272 /* DBPokemon.swift */,
			);
			path = DBEntities;
			sourceTree = "<group>";
		};
		DAD0D357283FCD2B00436272 /* ServerEntities */ = {
			isa = PBXGroup;
			children = (
				DAD0D35C283FCD3A00436272 /* ServerPokemon.swift */,
				DAD0D35E283FCF1500436272 /* ServerTypes.swift */,
				DAD0D360283FCF3D00436272 /* ServerType.swift */,
				DAD0D3772840B7A000436272 /* ServerSprite.swift */,
			);
			path = ServerEntities;
			sourceTree = "<group>";
		};
		DAD0D358283FCD2B00436272 /* Entities */ = {
			isa = PBXGroup;
			children = (
				DAD0D368283FD1A600436272 /* Pokemon.swift */,
			);
			path = Entities;
			sourceTree = "<group>";
		};
		DAD0D359283FCD2B00436272 /* Repositories */ = {
			isa = PBXGroup;
			children = (
				DAD0D3802840C29900436272 /* PokemonRepository.swift */,
				DAD0D3822840C45300436272 /* LocalPokemonDataSource.swift */,
				DAD0D3842840C4C800436272 /* RemotePokemonDataSource.swift */,
				DAD0D3862840C65D00436272 /* PokemonRepositoryImplementation.swift */,
			);
			path = Repositories;
			sourceTree = "<group>";
		};
		DAD0D35A283FCD2B00436272 /* DataBase */ = {
			isa = PBXGroup;
			children = (
				DAD0D36E283FDA2F00436272 /* Persistence.swift */,
				DAD0D3702840B50200436272 /* CoreDataStack.swift */,
				DAD0D3722840B60F00436272 /* DBManager.swift */,
				DAD0D3742840B6D800436272 /* Model.xcdatamodeld */,
			);
			path = DataBase;
			sourceTree = "<group>";
		};
		DAD0D35B283FCD2B00436272 /* Scenes */ = {
			isa = PBXGroup;
			children = (
				DAD0D3902840C92200436272 /* Backpack */,
				DAD0D3922840C92200436272 /* PokemonDetail */,
				DAD0D3912840C92200436272 /* PokemonWorld */,
				DAD0D3932840C92200436272 /* TabBar */,
			);
			path = Scenes;
			sourceTree = "<group>";
		};
		DAD0D37D2840BE7300436272 /* Extensions */ = {
			isa = PBXGroup;
			children = (
				DAD0D37E2840BEAA00436272 /* DateFormatter+Pokemon.swift */,
			);
			path = Extensions;
			sourceTree = "<group>";
		};
		DAD0D3902840C92200436272 /* Backpack */ = {
			isa = PBXGroup;
			children = (
				DAE242F92840E3BB00AD4FE1 /* BackpackView.swift */,
				DAE242FB2840E3C700AD4FE1 /* BackpackViewModel.swift */,
				DAE242FD2840E3F900AD4FE1 /* BackpackViewState.swift */,
			);
			path = Backpack;
			sourceTree = "<group>";
		};
		DAD0D3912840C92200436272 /* PokemonWorld */ = {
			isa = PBXGroup;
			children = (
				DAD0D3972840CC6400436272 /* PokemonWorldViewModel.swift */,
				DAD0D3992840CC7800436272 /* PokemonWorldView.swift */,
				DAE242EF2840D33E00AD4FE1 /* PokemonWorldViewState.swift */,
			);
			path = PokemonWorld;
			sourceTree = "<group>";
		};
		DAD0D3922840C92200436272 /* PokemonDetail */ = {
			isa = PBXGroup;
			children = (
				DAE2430D284106C200AD4FE1 /* PokemonDetailView.swift */,
				DAE2430F284106CE00AD4FE1 /* PokemonDetailViewModel.swift */,
			);
			path = PokemonDetail;
			sourceTree = "<group>";
		};
		DAD0D3932840C92200436272 /* TabBar */ = {
			isa = PBXGroup;
			children = (
				DAE242FF2840E60D00AD4FE1 /* Tab.swift */,
				DAE243012840E63800AD4FE1 /* TabBar.swift */,
			);
			path = TabBar;
			sourceTree = "<group>";
		};
		DAE242F12840DA4500AD4FE1 /* Views */ = {
			isa = PBXGroup;
			children = (
				DAE24321284113C100AD4FE1 /* TitleView */,
				DAE2431E2841105300AD4FE1 /* TitleValueView */,
				DAE243052840FF3E00AD4FE1 /* ImageView */,
				DAE242F52840DD0200AD4FE1 /* BackPackCardView */,
				DAE242F62840DD0200AD4FE1 /* PokemonCardView */,
				DAE242F22840DA4500AD4FE1 /* ButtonView */,
			);
			path = Views;
			sourceTree = "<group>";
		};
		DAE242F22840DA4500AD4FE1 /* ButtonView */ = {
			isa = PBXGroup;
			children = (
				DAE242F32840DA5600AD4FE1 /* ButtonView.swift */,
			);
			path = ButtonView;
			sourceTree = "<group>";
		};
		DAE242F52840DD0200AD4FE1 /* BackPackCardView */ = {
			isa = PBXGroup;
			children = (
				DAE243032840E75500AD4FE1 /* BackPackCardView.swift */,
			);
			path = BackPackCardView;
			sourceTree = "<group>";
		};
		DAE242F62840DD0200AD4FE1 /* PokemonCardView */ = {
			isa = PBXGroup;
			children = (
				DAE242F72840DD0D00AD4FE1 /* PokemonCardView.swift */,
			);
			path = PokemonCardView;
			sourceTree = "<group>";
		};
		DAE243052840FF3E00AD4FE1 /* ImageView */ = {
			isa = PBXGroup;
			children = (
				DAE243062840FF3E00AD4FE1 /* ImageLoader.swift */,
				DAE243072840FF3E00AD4FE1 /* ImageView.swift */,
			);
			path = ImageView;
			sourceTree = "<group>";
		};
		DAE243112841095F00AD4FE1 /* ViewModifiers */ = {
			isa = PBXGroup;
			children = (
				DAE2431828410A2A00AD4FE1 /* PokemonBackgroundModifier */,
				DAE243122841095F00AD4FE1 /* ToastView */,
			);
			path = ViewModifiers;
			sourceTree = "<group>";
		};
		DAE243122841095F00AD4FE1 /* ToastView */ = {
			isa = PBXGroup;
			children = (
				DAE243132841095F00AD4FE1 /* ToastView.swift */,
			);
			path = ToastView;
			sourceTree = "<group>";
		};
		DAE2431828410A2A00AD4FE1 /* PokemonBackgroundModifier */ = {
			isa = PBXGroup;
			children = (
				DAE2431928410A2A00AD4FE1 /* PokemonBackgroundModifier.swift */,
			);
			path = PokemonBackgroundModifier;
			sourceTree = "<group>";
		};
		DAE2431E2841105300AD4FE1 /* TitleValueView */ = {
			isa = PBXGroup;
			children = (
				DAE2431F2841105300AD4FE1 /* TitleValueView.swift */,
			);
			path = TitleValueView;
			sourceTree = "<group>";
		};
		DAE24321284113C100AD4FE1 /* TitleView */ = {
			isa = PBXGroup;
			children = (
				DAE24322284113CF00AD4FE1 /* TitleView.swift */,
			);
			path = TitleView;
			sourceTree = "<group>";
		};
		DAE24324284125DD00AD4FE1 /* Repositories */ = {
			isa = PBXGroup;
			children = (
				DAE2433428412D2400AD4FE1 /* MockPokemonRepository.swift */,
			);
			path = Repositories;
			sourceTree = "<group>";
		};
		DAE24325284125DD00AD4FE1 /* Entities */ = {
			isa = PBXGroup;
			children = (
				DAE2432E28412A5700AD4FE1 /* DBEntitites */,
				DAE2432F28412A5700AD4FE1 /* ServerEntities */,
			);
			path = Entities;
			sourceTree = "<group>";
		};
		DAE24326284125DD00AD4FE1 /* DataBase */ = {
			isa = PBXGroup;
			children = (
				DAE243292841261400AD4FE1 /* TestCoreDataStack.swift */,
				DAE2432B284126C600AD4FE1 /* DBManagerUnitTests.swift */,
			);
			path = DataBase;
			sourceTree = "<group>";
		};
		DAE24327284125DD00AD4FE1 /* UseCases */ = {
			isa = PBXGroup;
			children = (
				DAE2433628412DDF00AD4FE1 /* GetPokemonUseCaseUnitTests.swift */,
				DAE2433828412E7F00AD4FE1 /* GetPokemonsUseCaseUnitTests.swift */,
				DAE2433A28412ECD00AD4FE1 /* SavePokemonUseCaseUnitTests.swift */,
				DAE2433C28412F2D00AD4FE1 /* ExistsPokemonUseCaseUnitTests.swift */,
			);
			path = UseCases;
			sourceTree = "<group>";
		};
		DAE2432E28412A5700AD4FE1 /* DBEntitites */ = {
			isa = PBXGroup;
			children = (
				DAE2433028412A6B00AD4FE1 /* DBPokemonUnitTests.swift */,
			);
			path = DBEntitites;
			sourceTree = "<group>";
		};
		DAE2432F28412A5700AD4FE1 /* ServerEntities */ = {
			isa = PBXGroup;
			children = (
				DAE2433228412BB800AD4FE1 /* ServerPokemonUnitTests.swift */,
			);
			path = ServerEntities;
			sourceTree = "<group>";
		};
		DAE2433E28412FB900AD4FE1 /* Extensions */ = {
			isa = PBXGroup;
			children = (
				DAE2433F28412FC600AD4FE1 /* Pokemon+Mock.swift */,
			);
			path = Extensions;
			sourceTree = "<group>";
		};
/* End PBXGroup section */

/* Begin PBXNativeTarget section */
		DAD0D317283FC74100436272 /* Pokemon */ = {
			isa = PBXNativeTarget;
			buildConfigurationList = DAD0D33C283FC74300436272 /* Build configuration list for PBXNativeTarget "Pokemon" */;
			buildPhases = (
				DAD0D314283FC74100436272 /* Sources */,
				DAD0D315283FC74100436272 /* Frameworks */,
				DAD0D316283FC74100436272 /* Resources */,
			);
			buildRules = (
			);
			dependencies = (
			);
			name = Pokemon;
			productName = Pokemon;
			productReference = DAD0D318283FC74100436272 /* Pokemon.app */;
			productType = "com.apple.product-type.application";
		};
		DAD0D327283FC74300436272 /* PokemonTests */ = {
			isa = PBXNativeTarget;
			buildConfigurationList = DAD0D33F283FC74300436272 /* Build configuration list for PBXNativeTarget "PokemonTests" */;
			buildPhases = (
				DAD0D324283FC74300436272 /* Sources */,
				DAD0D325283FC74300436272 /* Frameworks */,
				DAD0D326283FC74300436272 /* Resources */,
			);
			buildRules = (
			);
			dependencies = (
				DAD0D32A283FC74300436272 /* PBXTargetDependency */,
			);
			name = PokemonTests;
			productName = PokemonTests;
			productReference = DAD0D328283FC74300436272 /* PokemonTests.xctest */;
			productType = "com.apple.product-type.bundle.unit-test";
		};
/* End PBXNativeTarget section */

/* Begin PBXProject section */
		DAD0D310283FC74100436272 /* Project object */ = {
			isa = PBXProject;
			attributes = {
				BuildIndependentTargetsInParallel = 1;
				LastSwiftUpdateCheck = 1330;
				LastUpgradeCheck = 1330;
				TargetAttributes = {
					DAD0D317283FC74100436272 = {
						CreatedOnToolsVersion = 13.3.1;
					};
					DAD0D327283FC74300436272 = {
						CreatedOnToolsVersion = 13.3.1;
						LastSwiftMigration = 1330;
						TestTargetID = DAD0D317283FC74100436272;
					};
				};
			};
			buildConfigurationList = DAD0D313283FC74100436272 /* Build configuration list for PBXProject "Pokemon" */;
			compatibilityVersion = "Xcode 13.0";
			developmentRegion = en;
			hasScannedForEncodings = 0;
			knownRegions = (
				en,
				Base,
			);
			mainGroup = DAD0D30F283FC74100436272;
			productRefGroup = DAD0D319283FC74100436272 /* Products */;
			projectDirPath = "";
			projectRoot = "";
			targets = (
				DAD0D317283FC74100436272 /* Pokemon */,
				DAD0D327283FC74300436272 /* PokemonTests */,
			);
		};
/* End PBXProject section */

/* Begin PBXResourcesBuildPhase section */
		DAD0D316283FC74100436272 /* Resources */ = {
			isa = PBXResourcesBuildPhase;
			buildActionMask = 2147483647;
			files = (
				DAD0D323283FC74200436272 /* Preview Assets.xcassets in Resources */,
				DAD0D320283FC74200436272 /* Assets.xcassets in Resources */,
			);
			runOnlyForDeploymentPostprocessing = 0;
		};
		DAD0D326283FC74300436272 /* Resources */ = {
			isa = PBXResourcesBuildPhase;
			buildActionMask = 2147483647;
			files = (
			);
			runOnlyForDeploymentPostprocessing = 0;
		};
/* End PBXResourcesBuildPhase section */

/* Begin PBXSourcesBuildPhase section */
		DAD0D314283FC74100436272 /* Sources */ = {
			isa = PBXSourcesBuildPhase;
			buildActionMask = 2147483647;
			files = (
				DAD0D361283FCF3D00436272 /* ServerType.swift in Sources */,
				DAE2430E284106C200AD4FE1 /* PokemonDetailView.swift in Sources */,
				DAE243002840E60D00AD4FE1 /* Tab.swift in Sources */,
				DAD0D3782840B7A000436272 /* ServerSprite.swift in Sources */,
				DAD0D37F2840BEAA00436272 /* DateFormatter+Pokemon.swift in Sources */,
				DAD0D36D283FD40100436272 /* HTTPError.swift in Sources */,
				DAD0D3982840CC6400436272 /* PokemonWorldViewModel.swift in Sources */,
				DAE242F42840DA5600AD4FE1 /* ButtonView.swift in Sources */,
				DAE2431A28410A2A00AD4FE1 /* PokemonBackgroundModifier.swift in Sources */,
				DAD0D3852840C4C800436272 /* RemotePokemonDataSource.swift in Sources */,
				DAD0D3762840B6D800436272 /* Model.xcdatamodeld in Sources */,
				DAD0D3832840C45300436272 /* LocalPokemonDataSource.swift in Sources */,
				DAD0D38D2840C7FE00436272 /* ExistsPokemonUseCase.swift in Sources */,
				DAD0D39A2840CC7800436272 /* PokemonWorldView.swift in Sources */,
				DAD0D3812840C29900436272 /* PokemonRepository.swift in Sources */,
				DAE242FE2840E3F900AD4FE1 /* BackpackViewState.swift in Sources */,
				DAD0D35F283FCF1500436272 /* ServerTypes.swift in Sources */,
				DAD0D36B283FD3B300436272 /* APIManager.swift in Sources */,
				DAE242FC2840E3C700AD4FE1 /* BackpackViewModel.swift in Sources */,
				DAE24323284113CF00AD4FE1 /* TitleView.swift in Sources */,
				DAD0D3892840C76700436272 /* GetPokemonUseCase.swift in Sources */,
				DAD0D31C283FC74100436272 /* PokemonApp.swift in Sources */,
				DAD0D352283FC7B000436272 /* Constants.swift in Sources */,
				DAE24310284106CE00AD4FE1 /* PokemonDetailViewModel.swift in Sources */,
				DAE243092840FF3E00AD4FE1 /* ImageView.swift in Sources */,
				DAD0D3712840B50200436272 /* CoreDataStack.swift in Sources */,
				DAE243142841095F00AD4FE1 /* ToastView.swift in Sources */,
				DAD0D3872840C65D00436272 /* PokemonRepositoryImplementation.swift in Sources */,
				DAD0D369283FD1A600436272 /* Pokemon.swift in Sources */,
				DAE242F02840D33E00AD4FE1 /* PokemonWorldViewState.swift in Sources */,
				DAD0D37A2840B82F00436272 /* DBPokemon.swift in Sources */,
				DAD0D35D283FCD3A00436272 /* ServerPokemon.swift in Sources */,
				DAE243082840FF3E00AD4FE1 /* ImageLoader.swift in Sources */,
				DAD0D36F283FDA2F00436272 /* Persistence.swift in Sources */,
				DAD0D38B2840C7C600436272 /* SavePokemonUseCase.swift in Sources */,
				DAE242FA2840E3BB00AD4FE1 /* BackpackView.swift in Sources */,
				DAE243042840E75500AD4FE1 /* BackPackCardView.swift in Sources */,
				DAE242F82840DD0D00AD4FE1 /* PokemonCardView.swift in Sources */,
				DAD0D38F2840C83100436272 /* GetPokemonsUseCase.swift in Sources */,
				DAD0D3732840B60F00436272 /* DBManager.swift in Sources */,
				DAE243202841105300AD4FE1 /* TitleValueView.swift in Sources */,
				DAE243022840E63800AD4FE1 /* TabBar.swift in Sources */,
			);
			runOnlyForDeploymentPostprocessing = 0;
		};
		DAD0D324283FC74300436272 /* Sources */ = {
			isa = PBXSourcesBuildPhase;
			buildActionMask = 2147483647;
			files = (
				DAE2433B28412ECD00AD4FE1 /* SavePokemonUseCaseUnitTests.swift in Sources */,
				DAE2433128412A6B00AD4FE1 /* DBPokemonUnitTests.swift in Sources */,
				DAE2432A2841261400AD4FE1 /* TestCoreDataStack.swift in Sources */,
				DAE2434028412FC600AD4FE1 /* Pokemon+Mock.swift in Sources */,
				DAE2433928412E7F00AD4FE1 /* GetPokemonsUseCaseUnitTests.swift in Sources */,
				DAE2433728412DDF00AD4FE1 /* GetPokemonUseCaseUnitTests.swift in Sources */,
				DAE2433328412BB800AD4FE1 /* ServerPokemonUnitTests.swift in Sources */,
				DAE2433D28412F2D00AD4FE1 /* ExistsPokemonUseCaseUnitTests.swift in Sources */,
				DAE2433528412D2400AD4FE1 /* MockPokemonRepository.swift in Sources */,
				DAE2432C284126C600AD4FE1 /* DBManagerUnitTests.swift in Sources */,
			);
			runOnlyForDeploymentPostprocessing = 0;
		};
/* End PBXSourcesBuildPhase section */

/* Begin PBXTargetDependency section */
		DAD0D32A283FC74300436272 /* PBXTargetDependency */ = {
			isa = PBXTargetDependency;
			target = DAD0D317283FC74100436272 /* Pokemon */;
			targetProxy = DAD0D329283FC74300436272 /* PBXContainerItemProxy */;
		};
/* End PBXTargetDependency section */

/* Begin XCBuildConfiguration section */
		DAD0D33A283FC74300436272 /* Debug */ = {
			isa = XCBuildConfiguration;
			buildSettings = {
				ALWAYS_SEARCH_USER_PATHS = NO;
				CLANG_ANALYZER_NONNULL = YES;
				CLANG_ANALYZER_NUMBER_OBJECT_CONVERSION = YES_AGGRESSIVE;
				CLANG_CXX_LANGUAGE_STANDARD = "gnu++17";
				CLANG_ENABLE_MODULES = YES;
				CLANG_ENABLE_OBJC_ARC = YES;
				CLANG_ENABLE_OBJC_WEAK = YES;
				CLANG_WARN_BLOCK_CAPTURE_AUTORELEASING = YES;
				CLANG_WARN_BOOL_CONVERSION = YES;
				CLANG_WARN_COMMA = YES;
				CLANG_WARN_CONSTANT_CONVERSION = YES;
				CLANG_WARN_DEPRECATED_OBJC_IMPLEMENTATIONS = YES;
				CLANG_WARN_DIRECT_OBJC_ISA_USAGE = YES_ERROR;
				CLANG_WARN_DOCUMENTATION_COMMENTS = YES;
				CLANG_WARN_EMPTY_BODY = YES;
				CLANG_WARN_ENUM_CONVERSION = YES;
				CLANG_WARN_INFINITE_RECURSION = YES;
				CLANG_WARN_INT_CONVERSION = YES;
				CLANG_WARN_NON_LITERAL_NULL_CONVERSION = YES;
				CLANG_WARN_OBJC_IMPLICIT_RETAIN_SELF = YES;
				CLANG_WARN_OBJC_LITERAL_CONVERSION = YES;
				CLANG_WARN_OBJC_ROOT_CLASS = YES_ERROR;
				CLANG_WARN_QUOTED_INCLUDE_IN_FRAMEWORK_HEADER = YES;
				CLANG_WARN_RANGE_LOOP_ANALYSIS = YES;
				CLANG_WARN_STRICT_PROTOTYPES = YES;
				CLANG_WARN_SUSPICIOUS_MOVE = YES;
				CLANG_WARN_UNGUARDED_AVAILABILITY = YES_AGGRESSIVE;
				CLANG_WARN_UNREACHABLE_CODE = YES;
				CLANG_WARN__DUPLICATE_METHOD_MATCH = YES;
				COPY_PHASE_STRIP = NO;
				DEBUG_INFORMATION_FORMAT = dwarf;
				ENABLE_STRICT_OBJC_MSGSEND = YES;
				ENABLE_TESTABILITY = YES;
				GCC_C_LANGUAGE_STANDARD = gnu11;
				GCC_DYNAMIC_NO_PIC = NO;
				GCC_NO_COMMON_BLOCKS = YES;
				GCC_OPTIMIZATION_LEVEL = 0;
				GCC_PREPROCESSOR_DEFINITIONS = (
					"DEBUG=1",
					"$(inherited)",
				);
				GCC_WARN_64_TO_32_BIT_CONVERSION = YES;
				GCC_WARN_ABOUT_RETURN_TYPE = YES_ERROR;
				GCC_WARN_UNDECLARED_SELECTOR = YES;
				GCC_WARN_UNINITIALIZED_AUTOS = YES_AGGRESSIVE;
				GCC_WARN_UNUSED_FUNCTION = YES;
				GCC_WARN_UNUSED_VARIABLE = YES;
				IPHONEOS_DEPLOYMENT_TARGET = 15.4;
				MTL_ENABLE_DEBUG_INFO = INCLUDE_SOURCE;
				MTL_FAST_MATH = YES;
				ONLY_ACTIVE_ARCH = YES;
				SDKROOT = iphoneos;
				SWIFT_ACTIVE_COMPILATION_CONDITIONS = DEBUG;
				SWIFT_OPTIMIZATION_LEVEL = "-Onone";
			};
			name = Debug;
		};
		DAD0D33B283FC74300436272 /* Release */ = {
			isa = XCBuildConfiguration;
			buildSettings = {
				ALWAYS_SEARCH_USER_PATHS = NO;
				CLANG_ANALYZER_NONNULL = YES;
				CLANG_ANALYZER_NUMBER_OBJECT_CONVERSION = YES_AGGRESSIVE;
				CLANG_CXX_LANGUAGE_STANDARD = "gnu++17";
				CLANG_ENABLE_MODULES = YES;
				CLANG_ENABLE_OBJC_ARC = YES;
				CLANG_ENABLE_OBJC_WEAK = YES;
				CLANG_WARN_BLOCK_CAPTURE_AUTORELEASING = YES;
				CLANG_WARN_BOOL_CONVERSION = YES;
				CLANG_WARN_COMMA = YES;
				CLANG_WARN_CONSTANT_CONVERSION = YES;
				CLANG_WARN_DEPRECATED_OBJC_IMPLEMENTATIONS = YES;
				CLANG_WARN_DIRECT_OBJC_ISA_USAGE = YES_ERROR;
				CLANG_WARN_DOCUMENTATION_COMMENTS = YES;
				CLANG_WARN_EMPTY_BODY = YES;
				CLANG_WARN_ENUM_CONVERSION = YES;
				CLANG_WARN_INFINITE_RECURSION = YES;
				CLANG_WARN_INT_CONVERSION = YES;
				CLANG_WARN_NON_LITERAL_NULL_CONVERSION = YES;
				CLANG_WARN_OBJC_IMPLICIT_RETAIN_SELF = YES;
				CLANG_WARN_OBJC_LITERAL_CONVERSION = YES;
				CLANG_WARN_OBJC_ROOT_CLASS = YES_ERROR;
				CLANG_WARN_QUOTED_INCLUDE_IN_FRAMEWORK_HEADER = YES;
				CLANG_WARN_RANGE_LOOP_ANALYSIS = YES;
				CLANG_WARN_STRICT_PROTOTYPES = YES;
				CLANG_WARN_SUSPICIOUS_MOVE = YES;
				CLANG_WARN_UNGUARDED_AVAILABILITY = YES_AGGRESSIVE;
				CLANG_WARN_UNREACHABLE_CODE = YES;
				CLANG_WARN__DUPLICATE_METHOD_MATCH = YES;
				COPY_PHASE_STRIP = NO;
				DEBUG_INFORMATION_FORMAT = "dwarf-with-dsym";
				ENABLE_NS_ASSERTIONS = NO;
				ENABLE_STRICT_OBJC_MSGSEND = YES;
				GCC_C_LANGUAGE_STANDARD = gnu11;
				GCC_NO_COMMON_BLOCKS = YES;
				GCC_WARN_64_TO_32_BIT_CONVERSION = YES;
				GCC_WARN_ABOUT_RETURN_TYPE = YES_ERROR;
				GCC_WARN_UNDECLARED_SELECTOR = YES;
				GCC_WARN_UNINITIALIZED_AUTOS = YES_AGGRESSIVE;
				GCC_WARN_UNUSED_FUNCTION = YES;
				GCC_WARN_UNUSED_VARIABLE = YES;
				IPHONEOS_DEPLOYMENT_TARGET = 15.4;
				MTL_ENABLE_DEBUG_INFO = NO;
				MTL_FAST_MATH = YES;
				SDKROOT = iphoneos;
				SWIFT_COMPILATION_MODE = wholemodule;
				SWIFT_OPTIMIZATION_LEVEL = "-O";
				VALIDATE_PRODUCT = YES;
			};
			name = Release;
		};
		DAD0D33D283FC74300436272 /* Debug */ = {
			isa = XCBuildConfiguration;
			buildSettings = {
				ASSETCATALOG_COMPILER_APPICON_NAME = AppIcon;
				ASSETCATALOG_COMPILER_GLOBAL_ACCENT_COLOR_NAME = AccentColor;
				CODE_SIGN_STYLE = Automatic;
				CURRENT_PROJECT_VERSION = 1;
				DEVELOPMENT_ASSET_PATHS = "\"Pokemon/Preview Content\"";
				ENABLE_PREVIEWS = YES;
				GENERATE_INFOPLIST_FILE = YES;
				INFOPLIST_FILE = Pokemon/Info.plist;
				INFOPLIST_KEY_UIApplicationSceneManifest_Generation = YES;
				INFOPLIST_KEY_UIApplicationSupportsIndirectInputEvents = YES;
				INFOPLIST_KEY_UISupportedInterfaceOrientations_iPad = "UIInterfaceOrientationPortrait UIInterfaceOrientationPortraitUpsideDown UIInterfaceOrientationLandscapeLeft UIInterfaceOrientationLandscapeRight";
				INFOPLIST_KEY_UISupportedInterfaceOrientations_iPhone = "UIInterfaceOrientationPortrait UIInterfaceOrientationLandscapeLeft UIInterfaceOrientationLandscapeRight";
				LD_RUNPATH_SEARCH_PATHS = (
					"$(inherited)",
					"@executable_path/Frameworks",
				);
				MARKETING_VERSION = 1.0;
				PRODUCT_BUNDLE_IDENTIFIER = com.xramos.Pokemon;
				PRODUCT_NAME = "$(TARGET_NAME)";
				SWIFT_EMIT_LOC_STRINGS = YES;
				SWIFT_VERSION = 5.0;
				TARGETED_DEVICE_FAMILY = "1,2";
			};
			name = Debug;
		};
		DAD0D33E283FC74300436272 /* Release */ = {
			isa = XCBuildConfiguration;
			buildSettings = {
				ASSETCATALOG_COMPILER_APPICON_NAME = AppIcon;
				ASSETCATALOG_COMPILER_GLOBAL_ACCENT_COLOR_NAME = AccentColor;
				CODE_SIGN_STYLE = Automatic;
				CURRENT_PROJECT_VERSION = 1;
				DEVELOPMENT_ASSET_PATHS = "\"Pokemon/Preview Content\"";
				ENABLE_PREVIEWS = YES;
				GENERATE_INFOPLIST_FILE = YES;
				INFOPLIST_FILE = Pokemon/Info.plist;
				INFOPLIST_KEY_UIApplicationSceneManifest_Generation = YES;
				INFOPLIST_KEY_UIApplicationSupportsIndirectInputEvents = YES;
				INFOPLIST_KEY_UISupportedInterfaceOrientations_iPad = "UIInterfaceOrientationPortrait UIInterfaceOrientationPortraitUpsideDown UIInterfaceOrientationLandscapeLeft UIInterfaceOrientationLandscapeRight";
				INFOPLIST_KEY_UISupportedInterfaceOrientations_iPhone = "UIInterfaceOrientationPortrait UIInterfaceOrientationLandscapeLeft UIInterfaceOrientationLandscapeRight";
				LD_RUNPATH_SEARCH_PATHS = (
					"$(inherited)",
					"@executable_path/Frameworks",
				);
				MARKETING_VERSION = 1.0;
				PRODUCT_BUNDLE_IDENTIFIER = com.xramos.Pokemon;
				PRODUCT_NAME = "$(TARGET_NAME)";
				SWIFT_EMIT_LOC_STRINGS = YES;
				SWIFT_VERSION = 5.0;
				TARGETED_DEVICE_FAMILY = "1,2";
			};
			name = Release;
		};
		DAD0D340283FC74300436272 /* Debug */ = {
			isa = XCBuildConfiguration;
			buildSettings = {
				ALWAYS_EMBED_SWIFT_STANDARD_LIBRARIES = YES;
				BUNDLE_LOADER = "$(TEST_HOST)";
				CLANG_ENABLE_MODULES = YES;
				CODE_SIGN_STYLE = Automatic;
				CURRENT_PROJECT_VERSION = 1;
				GENERATE_INFOPLIST_FILE = YES;
				IPHONEOS_DEPLOYMENT_TARGET = 15.4;
				LD_RUNPATH_SEARCH_PATHS = (
					"$(inherited)",
					"@executable_path/Frameworks",
					"@loader_path/Frameworks",
				);
				MARKETING_VERSION = 1.0;
				PRODUCT_BUNDLE_IDENTIFIER = com.xramos.PokemonTests;
				PRODUCT_NAME = "$(TARGET_NAME)";
				SWIFT_EMIT_LOC_STRINGS = NO;
				SWIFT_OBJC_BRIDGING_HEADER = "PokemonTests/PokemonTests-Bridging-Header.h";
				SWIFT_OPTIMIZATION_LEVEL = "-Onone";
				SWIFT_VERSION = 5.0;
				TARGETED_DEVICE_FAMILY = "1,2";
				TEST_HOST = "$(BUILT_PRODUCTS_DIR)/Pokemon.app/Pokemon";
			};
			name = Debug;
		};
		DAD0D341283FC74300436272 /* Release */ = {
			isa = XCBuildConfiguration;
			buildSettings = {
				ALWAYS_EMBED_SWIFT_STANDARD_LIBRARIES = YES;
				BUNDLE_LOADER = "$(TEST_HOST)";
				CLANG_ENABLE_MODULES = YES;
				CODE_SIGN_STYLE = Automatic;
				CURRENT_PROJECT_VERSION = 1;
				GENERATE_INFOPLIST_FILE = YES;
				IPHONEOS_DEPLOYMENT_TARGET = 15.4;
				LD_RUNPATH_SEARCH_PATHS = (
					"$(inherited)",
					"@executable_path/Frameworks",
					"@loader_path/Frameworks",
				);
				MARKETING_VERSION = 1.0;
				PRODUCT_BUNDLE_IDENTIFIER = com.xramos.PokemonTests;
				PRODUCT_NAME = "$(TARGET_NAME)";
				SWIFT_EMIT_LOC_STRINGS = NO;
				SWIFT_OBJC_BRIDGING_HEADER = "PokemonTests/PokemonTests-Bridging-Header.h";
				SWIFT_VERSION = 5.0;
				TARGETED_DEVICE_FAMILY = "1,2";
				TEST_HOST = "$(BUILT_PRODUCTS_DIR)/Pokemon.app/Pokemon";
			};
			name = Release;
		};
/* End XCBuildConfiguration section */

/* Begin XCConfigurationList section */
		DAD0D313283FC74100436272 /* Build configuration list for PBXProject "Pokemon" */ = {
			isa = XCConfigurationList;
			buildConfigurations = (
				DAD0D33A283FC74300436272 /* Debug */,
				DAD0D33B283FC74300436272 /* Release */,
			);
			defaultConfigurationIsVisible = 0;
			defaultConfigurationName = Release;
		};
		DAD0D33C283FC74300436272 /* Build configuration list for PBXNativeTarget "Pokemon" */ = {
			isa = XCConfigurationList;
			buildConfigurations = (
				DAD0D33D283FC74300436272 /* Debug */,
				DAD0D33E283FC74300436272 /* Release */,
			);
			defaultConfigurationIsVisible = 0;
			defaultConfigurationName = Release;
		};
		DAD0D33F283FC74300436272 /* Build configuration list for PBXNativeTarget "PokemonTests" */ = {
			isa = XCConfigurationList;
			buildConfigurations = (
				DAD0D340283FC74300436272 /* Debug */,
				DAD0D341283FC74300436272 /* Release */,
			);
			defaultConfigurationIsVisible = 0;
			defaultConfigurationName = Release;
		};
/* End XCConfigurationList section */

/* Begin XCVersionGroup section */
		DAD0D3742840B6D800436272 /* Model.xcdatamodeld */ = {
			isa = XCVersionGroup;
			children = (
				DAD0D3752840B6D800436272 /* Model.xcdatamodel */,
			);
			currentVersion = DAD0D3752840B6D800436272 /* Model.xcdatamodel */;
			path = Model.xcdatamodeld;
			sourceTree = "<group>";
			versionGroupType = wrapper.xcdatamodel;
		};
/* End XCVersionGroup section */
	};
	rootObject = DAD0D310283FC74100436272 /* Project object */;
}
